
Microsoft Visual Studio Solution File, Format Version 12.00
# Visual Studio Version 16
VisualStudioVersion = 16.0.809.0
MinimumVisualStudioVersion = 10.0.40219.1
Project("{FAE04EC0-301F-11D3-BF4B-00C04F79EFBC}") = "Meal-Tracking-App", "Meal-Tracking-App\Meal-Tracking-App.csproj", "{B271E261-48A5-42EA-8EFA-63CC2BB92E28}"
EndProject
Global
	GlobalSection(SolutionConfigurationPlatforms) = preSolution
		Debug|Any CPU = Debug|Any CPU
		Release|Any CPU = Release|Any CPU
	EndGlobalSection
	GlobalSection(ProjectConfigurationPlatforms) = postSolution
		{B271E261-48A5-42EA-8EFA-63CC2BB92E28}.Debug|Any CPU.ActiveCfg = Debug|Any CPU
		{B271E261-48A5-42EA-8EFA-63CC2BB92E28}.Debug|Any CPU.Build.0 = Debug|Any CPU
		{B271E261-48A5-42EA-8EFA-63CC2BB92E28}.Release|Any CPU.ActiveCfg = Release|Any CPU
		{B271E261-48A5-42EA-8EFA-63CC2BB92E28}.Release|Any CPU.Build.0 = Release|Any CPU
	EndGlobalSection
	GlobalSection(SolutionProperties) = preSolution
		HideSolutionNode = FALSE
	EndGlobalSection
	GlobalSection(ExtensibilityGlobals) = postSolution
		SolutionGuid = {29F01D09-2273-4A0D-BF5B-0866CE61B700}
	EndGlobalSection
EndGlobal
